
Microsoft Visual Studio Solution File, Format Version 12.00
# Visual Studio Version 17
VisualStudioVersion = 17.5.33530.505
MinimumVisualStudioVersion = 10.0.40219.1
Project("{FAE04EC0-301F-11D3-BF4B-00C04F79EFBC}") = "TaskManagement", "TaskManagement.csproj", "{A86F091E-CCB8-4027-92E1-222AEF4D0AA5}"
EndProject
Global
	GlobalSection(SolutionConfigurationPlatforms) = preSolution
		Debug|Any CPU = Debug|Any CPU
		Release|Any CPU = Release|Any CPU
	EndGlobalSection
	GlobalSection(ProjectConfigurationPlatforms) = postSolution
		{A86F091E-CCB8-4027-92E1-222AEF4D0AA5}.Debug|Any CPU.ActiveCfg = Debug|Any CPU
		{A86F091E-CCB8-4027-92E1-222AEF4D0AA5}.Debug|Any CPU.Build.0 = Debug|Any CPU
		{A86F091E-CCB8-4027-92E1-222AEF4D0AA5}.Release|Any CPU.ActiveCfg = Release|Any CPU
		{A86F091E-CCB8-4027-92E1-222AEF4D0AA5}.Release|Any CPU.Build.0 = Release|Any CPU
	EndGlobalSection
	GlobalSection(SolutionProperties) = preSolution
		HideSolutionNode = FALSE
	EndGlobalSection
	GlobalSection(ExtensibilityGlobals) = postSolution
		SolutionGuid = {A5808B0D-5034-41D6-A93E-C80E402636D1}
	EndGlobalSection
EndGlobal
